// !$*UTF8*$!
{
	archiveVersion = 1;
	classes = {
	};
	objectVersion = 77;
	objects = {

/* Begin PBXContainerItemProxy section */
		294CC9012D3DC4BD0030B17A /* PBXContainerItemProxy */ = {
			isa = PBXContainerItemProxy;
			containerPortal = 294CC8E82D3DC4BA0030B17A /* Project object */;
			proxyType = 1;
			remoteGlobalIDString = 294CC8EF2D3DC4BB0030B17A;
			remoteInfo = Ruleta;
		};
		294CC90B2D3DC4BD0030B17A /* PBXContainerItemProxy */ = {
			isa = PBXContainerItemProxy;
			containerPortal = 294CC8E82D3DC4BA0030B17A /* Project object */;
			proxyType = 1;
			remoteGlobalIDString = 294CC8EF2D3DC4BB0030B17A;
			remoteInfo = Ruleta;
		};
/* End PBXContainerItemProxy section */

/* Begin PBXFileReference section */
		294CC8F02D3DC4BB0030B17A /* Ruleta.app */ = {isa = PBXFileReference; explicitFileType = wrapper.application; includeInIndex = 0; path = Ruleta.app; sourceTree = BUILT_PRODUCTS_DIR; };
		294CC9002D3DC4BD0030B17A /* RuletaTests.xctest */ = {isa = PBXFileReference; explicitFileType = wrapper.cfbundle; includeInIndex = 0; path = RuletaTests.xctest; sourceTree = BUILT_PRODUCTS_DIR; };
		294CC90A2D3DC4BD0030B17A /* RuletaUITests.xctest */ = {isa = PBXFileReference; explicitFileType = wrapper.cfbundle; includeInIndex = 0; path = RuletaUITests.xctest; sourceTree = BUILT_PRODUCTS_DIR; };
/* End PBXFileReference section */

/* Begin PBXFileSystemSynchronizedRootGroup section */
		294CC8F22D3DC4BB0030B17A /* Ruleta */ = {
			isa = PBXFileSystemSynchronizedRootGroup;
			path = Ruleta;
			sourceTree = "<group>";
		};
		294CC9032D3DC4BD0030B17A /* RuletaTests */ = {
			isa = PBXFileSystemSynchronizedRootGroup;
			path = RuletaTests;
			sourceTree = "<group>";
		};
		294CC90D2D3DC4BD0030B17A /* RuletaUITests */ = {
			isa = PBXFileSystemSynchronizedRootGroup;
			path = RuletaUITests;
			sourceTree = "<group>";
		};
/* End PBXFileSystemSynchronizedRootGroup section */

/* Begin PBXFrameworksBuildPhase section */
		294CC8ED2D3DC4BB0030B17A /* Frameworks */ = {
			isa = PBXFrameworksBuildPhase;
			buildActionMask = 2147483647;
			files = (
			);
			runOnlyForDeploymentPostprocessing = 0;
		};
		294CC8FD2D3DC4BD0030B17A /* Frameworks */ = {
			isa = PBXFrameworksBuildPhase;
			buildActionMask = 2147483647;
			files = (
			);
			runOnlyForDeploymentPostprocessing = 0;
		};
		294CC9072D3DC4BD0030B17A /* Frameworks */ = {
			isa = PBXFrameworksBuildPhase;
			buildActionMask = 2147483647;
			files = (
			);
			runOnlyForDeploymentPostprocessing = 0;
		};
/* End PBXFrameworksBuildPhase section */

/* Begin PBXGroup section */
		294CC8E72D3DC4BA0030B17A = {
			isa = PBXGroup;
			children = (
				294CC8F22D3DC4BB0030B17A /* Ruleta */,
				294CC9032D3DC4BD0030B17A /* RuletaTests */,
				294CC90D2D3DC4BD0030B17A /* RuletaUITests */,
				294CC8F12D3DC4BB0030B17A /* Products */,
			);
			sourceTree = "<group>";
		};
		294CC8F12D3DC4BB0030B17A /* Products */ = {
			isa = PBXGroup;
			children = (
				294CC8F02D3DC4BB0030B17A /* Ruleta.app */,
				294CC9002D3DC4BD0030B17A /* RuletaTests.xctest */,
				294CC90A2D3DC4BD0030B17A /* RuletaUITests.xctest */,
			);
			name = Products;
			sourceTree = "<group>";
		};
/* End PBXGroup section */

/* Begin PBXNativeTarget section */
		294CC8EF2D3DC4BB0030B17A /* Ruleta */ = {
			isa = PBXNativeTarget;
			buildConfigurationList = 294CC9142D3DC4BD0030B17A /* Build configuration list for PBXNativeTarget "Ruleta" */;
			buildPhases = (
				294CC8EC2D3DC4BB0030B17A /* Sources */,
				294CC8ED2D3DC4BB0030B17A /* Frameworks */,
				294CC8EE2D3DC4BB0030B17A /* Resources */,
			);
			buildRules = (
			);
			dependencies = (
			);
			fileSystemSynchronizedGroups = (
				294CC8F22D3DC4BB0030B17A /* Ruleta */,
			);
			name = Ruleta;
			packageProductDependencies = (
			);
			productName = Ruleta;
			productReference = 294CC8F02D3DC4BB0030B17A /* Ruleta.app */;
			productType = "com.apple.product-type.application";
		};
		294CC8FF2D3DC4BD0030B17A /* RuletaTests */ = {
			isa = PBXNativeTarget;
			buildConfigurationList = 294CC9172D3DC4BD0030B17A /* Build configuration list for PBXNativeTarget "RuletaTests" */;
			buildPhases = (
				294CC8FC2D3DC4BD0030B17A /* Sources */,
				294CC8FD2D3DC4BD0030B17A /* Frameworks */,
				294CC8FE2D3DC4BD0030B17A /* Resources */,
			);
			buildRules = (
			);
			dependencies = (
				294CC9022D3DC4BD0030B17A /* PBXTargetDependency */,
			);
			fileSystemSynchronizedGroups = (
				294CC9032D3DC4BD0030B17A /* RuletaTests */,
			);
			name = RuletaTests;
			packageProductDependencies = (
			);
			productName = RuletaTests;
			productReference = 294CC9002D3DC4BD0030B17A /* RuletaTests.xctest */;
			productType = "com.apple.product-type.bundle.unit-test";
		};
		294CC9092D3DC4BD0030B17A /* RuletaUITests */ = {
			isa = PBXNativeTarget;
			buildConfigurationList = 294CC91A2D3DC4BD0030B17A /* Build configuration list for PBXNativeTarget "RuletaUITests" */;
			buildPhases = (
				294CC9062D3DC4BD0030B17A /* Sources */,
				294CC9072D3DC4BD0030B17A /* Frameworks */,
				294CC9082D3DC4BD0030B17A /* Resources */,
			);
			buildRules = (
			);
			dependencies = (
				294CC90C2D3DC4BD0030B17A /* PBXTargetDependency */,
			);
			fileSystemSynchronizedGroups = (
				294CC90D2D3DC4BD0030B17A /* RuletaUITests */,
			);
			name = RuletaUITests;
			packageProductDependencies = (
			);
			productName = RuletaUITests;
			productReference = 294CC90A2D3DC4BD0030B17A /* RuletaUITests.xctest */;
			productType = "com.apple.product-type.bundle.ui-testing";
		};
/* End PBXNativeTarget section */

/* Begin PBXProject section */
		294CC8E82D3DC4BA0030B17A /* Project object */ = {
			isa = PBXProject;
			attributes = {
				BuildIndependentTargetsInParallel = 1;
				LastSwiftUpdateCheck = 1620;
				LastUpgradeCheck = 1620;
				ORGANIZATIONNAME = j1188;
				TargetAttributes = {
					294CC8EF2D3DC4BB0030B17A = {
						CreatedOnToolsVersion = 16.2;
					};
					294CC8FF2D3DC4BD0030B17A = {
						CreatedOnToolsVersion = 16.2;
						TestTargetID = 294CC8EF2D3DC4BB0030B17A;
					};
					294CC9092D3DC4BD0030B17A = {
						CreatedOnToolsVersion = 16.2;
						TestTargetID = 294CC8EF2D3DC4BB0030B17A;
					};
				};
			};
			buildConfigurationList = 294CC8EB2D3DC4BA0030B17A /* Build configuration list for PBXProject "Ruleta" */;
			developmentRegion = en;
			hasScannedForEncodings = 0;
			knownRegions = (
				en,
				Base,
			);
			mainGroup = 294CC8E72D3DC4BA0030B17A;
			minimizedProjectReferenceProxies = 1;
			preferredProjectObjectVersion = 77;
			productRefGroup = 294CC8F12D3DC4BB0030B17A /* Products */;
			projectDirPath = "";
			projectRoot = "";
			targets = (
				294CC8EF2D3DC4BB0030B17A /* Ruleta */,
				294CC8FF2D3DC4BD0030B17A /* RuletaTests */,
				294CC9092D3DC4BD0030B17A /* RuletaUITests */,
			);
		};
/* End PBXProject section */

/* Begin PBXResourcesBuildPhase section */
		294CC8EE2D3DC4BB0030B17A /* Resources */ = {
			isa = PBXResourcesBuildPhase;
			buildActionMask = 2147483647;
			files = (
			);
			runOnlyForDeploymentPostprocessing = 0;
		};
		294CC8FE2D3DC4BD0030B17A /* Resources */ = {
			isa = PBXResourcesBuildPhase;
			buildActionMask = 2147483647;
			files = (
			);
			runOnlyForDeploymentPostprocessing = 0;
		};
		294CC9082D3DC4BD0030B17A /* Resources */ = {
			isa = PBXResourcesBuildPhase;
			buildActionMask = 2147483647;
			files = (
			);
			runOnlyForDeploymentPostprocessing = 0;
		};
/* End PBXResourcesBuildPhase section */

/* Begin PBXSourcesBuildPhase section */
		294CC8EC2D3DC4BB0030B17A /* Sources */ = {
			isa = PBXSourcesBuildPhase;
			buildActionMask = 2147483647;
			files = (
			);
			runOnlyForDeploymentPostprocessing = 0;
		};
		294CC8FC2D3DC4BD0030B17A /* Sources */ = {
			isa = PBXSourcesBuildPhase;
			buildActionMask = 2147483647;
			files = (
			);
			runOnlyForDeploymentPostprocessing = 0;
		};
		294CC9062D3DC4BD0030B17A /* Sources */ = {
			isa = PBXSourcesBuildPhase;
			buildActionMask = 2147483647;
			files = (
			);
			runOnlyForDeploymentPostprocessing = 0;
		};
/* End PBXSourcesBuildPhase section */

/* Begin PBXTargetDependency section */
		294CC9022D3DC4BD0030B17A /* PBXTargetDependency */ = {
			isa = PBXTargetDependency;
			target = 294CC8EF2D3DC4BB0030B17A /* Ruleta */;
			targetProxy = 294CC9012D3DC4BD0030B17A /* PBXContainerItemProxy */;
		};
		294CC90C2D3DC4BD0030B17A /* PBXTargetDependency */ = {
			isa = PBXTargetDependency;
			target = 294CC8EF2D3DC4BB0030B17A /* Ruleta */;
			targetProxy = 294CC90B2D3DC4BD0030B17A /* PBXContainerItemProxy */;
		};
/* End PBXTargetDependency section */

/* Begin XCBuildConfiguration section */
		294CC9122D3DC4BD0030B17A /* Debug */ = {
			isa = XCBuildConfiguration;
			buildSettings = {
				ALWAYS_SEARCH_USER_PATHS = NO;
				ASSETCATALOG_COMPILER_GENERATE_SWIFT_ASSET_SYMBOL_EXTENSIONS = YES;
				CLANG_ANALYZER_NONNULL = YES;
				CLANG_ANALYZER_NUMBER_OBJECT_CONVERSION = YES_AGGRESSIVE;
				CLANG_CXX_LANGUAGE_STANDARD = "gnu++20";
				CLANG_ENABLE_MODULES = YES;
				CLANG_ENABLE_OBJC_ARC = YES;
				CLANG_ENABLE_OBJC_WEAK = YES;
				CLANG_WARN_BLOCK_CAPTURE_AUTORELEASING = YES;
				CLANG_WARN_BOOL_CONVERSION = YES;
				CLANG_WARN_COMMA = YES;
				CLANG_WARN_CONSTANT_CONVERSION = YES;
				CLANG_WARN_DEPRECATED_OBJC_IMPLEMENTATIONS = YES;
				CLANG_WARN_DIRECT_OBJC_ISA_USAGE = YES_ERROR;
				CLANG_WARN_DOCUMENTATION_COMMENTS = YES;
				CLANG_WARN_EMPTY_BODY = YES;
				CLANG_WARN_ENUM_CONVERSION = YES;
				CLANG_WARN_INFINITE_RECURSION = YES;
				CLANG_WARN_INT_CONVERSION = YES;
				CLANG_WARN_NON_LITERAL_NULL_CONVERSION = YES;
				CLANG_WARN_OBJC_IMPLICIT_RETAIN_SELF = YES;
				CLANG_WARN_OBJC_LITERAL_CONVERSION = YES;
				CLANG_WARN_OBJC_ROOT_CLASS = YES_ERROR;
				CLANG_WARN_QUOTED_INCLUDE_IN_FRAMEWORK_HEADER = YES;
				CLANG_WARN_RANGE_LOOP_ANALYSIS = YES;
				CLANG_WARN_STRICT_PROTOTYPES = YES;
				CLANG_WARN_SUSPICIOUS_MOVE = YES;
				CLANG_WARN_UNGUARDED_AVAILABILITY = YES_AGGRESSIVE;
				CLANG_WARN_UNREACHABLE_CODE = YES;
				CLANG_WARN__DUPLICATE_METHOD_MATCH = YES;
				COPY_PHASE_STRIP = NO;
				DEBUG_INFORMATION_FORMAT = dwarf;
				ENABLE_STRICT_OBJC_MSGSEND = YES;
				ENABLE_TESTABILITY = YES;
				ENABLE_USER_SCRIPT_SANDBOXING = YES;
				GCC_C_LANGUAGE_STANDARD = gnu17;
				GCC_DYNAMIC_NO_PIC = NO;
				GCC_NO_COMMON_BLOCKS = YES;
				GCC_OPTIMIZATION_LEVEL = 0;
				GCC_PREPROCESSOR_DEFINITIONS = (
					"DEBUG=1",
					"$(inherited)",
				);
				GCC_WARN_64_TO_32_BIT_CONVERSION = YES;
				GCC_WARN_ABOUT_RETURN_TYPE = YES_ERROR;
				GCC_WARN_UNDECLARED_SELECTOR = YES;
				GCC_WARN_UNINITIALIZED_AUTOS = YES_AGGRESSIVE;
				GCC_WARN_UNUSED_FUNCTION = YES;
				GCC_WARN_UNUSED_VARIABLE = YES;
				IPHONEOS_DEPLOYMENT_TARGET = 18.2;
				LOCALIZATION_PREFERS_STRING_CATALOGS = YES;
				MTL_ENABLE_DEBUG_INFO = INCLUDE_SOURCE;
				MTL_FAST_MATH = YES;
				ONLY_ACTIVE_ARCH = YES;
				SDKROOT = iphoneos;
				SWIFT_ACTIVE_COMPILATION_CONDITIONS = "DEBUG $(inherited)";
				SWIFT_OPTIMIZATION_LEVEL = "-Onone";
			};
			name = Debug;
		};
		294CC9132D3DC4BD0030B17A /* Release */ = {
			isa = XCBuildConfiguration;
			buildSettings = {
				ALWAYS_SEARCH_USER_PATHS = NO;
				ASSETCATALOG_COMPILER_GENERATE_SWIFT_ASSET_SYMBOL_EXTENSIONS = YES;
				CLANG_ANALYZER_NONNULL = YES;
				CLANG_ANALYZER_NUMBER_OBJECT_CONVERSION = YES_AGGRESSIVE;
				CLANG_CXX_LANGUAGE_STANDARD = "gnu++20";
				CLANG_ENABLE_MODULES = YES;
				CLANG_ENABLE_OBJC_ARC = YES;
				CLANG_ENABLE_OBJC_WEAK = YES;
				CLANG_WARN_BLOCK_CAPTURE_AUTORELEASING = YES;
				CLANG_WARN_BOOL_CONVERSION = YES;
				CLANG_WARN_COMMA = YES;
				CLANG_WARN_CONSTANT_CONVERSION = YES;
				CLANG_WARN_DEPRECATED_OBJC_IMPLEMENTATIONS = YES;
				CLANG_WARN_DIRECT_OBJC_ISA_USAGE = YES_ERROR;
				CLANG_WARN_DOCUMENTATION_COMMENTS = YES;
				CLANG_WARN_EMPTY_BODY = YES;
				CLANG_WARN_ENUM_CONVERSION = YES;
				CLANG_WARN_INFINITE_RECURSION = YES;
				CLANG_WARN_INT_CONVERSION = YES;
				CLANG_WARN_NON_LITERAL_NULL_CONVERSION = YES;
				CLANG_WARN_OBJC_IMPLICIT_RETAIN_SELF = YES;
				CLANG_WARN_OBJC_LITERAL_CONVERSION = YES;
				CLANG_WARN_OBJC_ROOT_CLASS = YES_ERROR;
				CLANG_WARN_QUOTED_INCLUDE_IN_FRAMEWORK_HEADER = YES;
				CLANG_WARN_RANGE_LOOP_ANALYSIS = YES;
				CLANG_WARN_STRICT_PROTOTYPES = YES;
				CLANG_WARN_SUSPICIOUS_MOVE = YES;
				CLANG_WARN_UNGUARDED_AVAILABILITY = YES_AGGRESSIVE;
				CLANG_WARN_UNREACHABLE_CODE = YES;
				CLANG_WARN__DUPLICATE_METHOD_MATCH = YES;
				COPY_PHASE_STRIP = NO;
				DEBUG_INFORMATION_FORMAT = "dwarf-with-dsym";
				ENABLE_NS_ASSERTIONS = NO;
				ENABLE_STRICT_OBJC_MSGSEND = YES;
				ENABLE_USER_SCRIPT_SANDBOXING = YES;
				GCC_C_LANGUAGE_STANDARD = gnu17;
				GCC_NO_COMMON_BLOCKS = YES;
				GCC_WARN_64_TO_32_BIT_CONVERSION = YES;
				GCC_WARN_ABOUT_RETURN_TYPE = YES_ERROR;
				GCC_WARN_UNDECLARED_SELECTOR = YES;
				GCC_WARN_UNINITIALIZED_AUTOS = YES_AGGRESSIVE;
				GCC_WARN_UNUSED_FUNCTION = YES;
				GCC_WARN_UNUSED_VARIABLE = YES;
				IPHONEOS_DEPLOYMENT_TARGET = 18.2;
				LOCALIZATION_PREFERS_STRING_CATALOGS = YES;
				MTL_ENABLE_DEBUG_INFO = NO;
				MTL_FAST_MATH = YES;
				SDKROOT = iphoneos;
				SWIFT_COMPILATION_MODE = wholemodule;
				VALIDATE_PRODUCT = YES;
			};
			name = Release;
		};
		294CC9152D3DC4BD0030B17A /* Debug */ = {
			isa = XCBuildConfiguration;
			buildSettings = {
				ASSETCATALOG_COMPILER_APPICON_NAME = AppIcon;
				ASSETCATALOG_COMPILER_GLOBAL_ACCENT_COLOR_NAME = AccentColor;
				CODE_SIGN_STYLE = Automatic;
				CURRENT_PROJECT_VERSION = 1;
				DEVELOPMENT_ASSET_PATHS = "\"Ruleta/Preview Content\"";
				DEVELOPMENT_TEAM = 22GWDZQ836;
				ENABLE_PREVIEWS = YES;
				GENERATE_INFOPLIST_FILE = YES;
				INFOPLIST_KEY_UIApplicationSceneManifest_Generation = YES;
				INFOPLIST_KEY_UIApplicationSupportsIndirectInputEvents = YES;
				INFOPLIST_KEY_UILaunchScreen_Generation = YES;
				INFOPLIST_KEY_UISupportedInterfaceOrientations_iPad = "UIInterfaceOrientationPortrait UIInterfaceOrientationPortraitUpsideDown UIInterfaceOrientationLandscapeLeft UIInterfaceOrientationLandscapeRight";
				INFOPLIST_KEY_UISupportedInterfaceOrientations_iPhone = "UIInterfaceOrientationPortrait UIInterfaceOrientationLandscapeLeft UIInterfaceOrientationLandscapeRight";
				IPHONEOS_DEPLOYMENT_TARGET = 18.0;
				LD_RUNPATH_SEARCH_PATHS = (
					"$(inherited)",
					"@executable_path/Frameworks",
				);
				MARKETING_VERSION = 1.0;
				PRODUCT_BUNDLE_IDENTIFIER = j1188.Ruleta;
				PRODUCT_NAME = "$(TARGET_NAME)";
				SWIFT_EMIT_LOC_STRINGS = YES;
				SWIFT_VERSION = 5.0;
				TARGETED_DEVICE_FAMILY = "1,2";
			};
			name = Debug;
		};
		294CC9162D3DC4BD0030B17A /* Release */ = {
			isa = XCBuildConfiguration;
			buildSettings = {
				ASSETCATALOG_COMPILER_APPICON_NAME = AppIcon;
				ASSETCATALOG_COMPILER_GLOBAL_ACCENT_COLOR_NAME = AccentColor;
				CODE_SIGN_STYLE = Automatic;
				CURRENT_PROJECT_VERSION = 1;
				DEVELOPMENT_ASSET_PATHS = "\"Ruleta/Preview Content\"";
				DEVELOPMENT_TEAM = 22GWDZQ836;
				ENABLE_PREVIEWS = YES;
				GENERATE_INFOPLIST_FILE = YES;
				INFOPLIST_KEY_UIApplicationSceneManifest_Generation = YES;
				INFOPLIST_KEY_UIApplicationSupportsIndirectInputEvents = YES;
				INFOPLIST_KEY_UILaunchScreen_Generation = YES;
				INFOPLIST_KEY_UISupportedInterfaceOrientations_iPad = "UIInterfaceOrientationPortrait UIInterfaceOrientationPortraitUpsideDown UIInterfaceOrientationLandscapeLeft UIInterfaceOrientationLandscapeRight";
				INFOPLIST_KEY_UISupportedInterfaceOrientations_iPhone = "UIInterfaceOrientationPortrait UIInterfaceOrientationLandscapeLeft UIInterfaceOrientationLandscapeRight";
				IPHONEOS_DEPLOYMENT_TARGET = 18.0;
				LD_RUNPATH_SEARCH_PATHS = (
					"$(inherited)",
					"@executable_path/Frameworks",
				);
				MARKETING_VERSION = 1.0;
				PRODUCT_BUNDLE_IDENTIFIER = j1188.Ruleta;
				PRODUCT_NAME = "$(TARGET_NAME)";
				SWIFT_EMIT_LOC_STRINGS = YES;
				SWIFT_VERSION = 5.0;
				TARGETED_DEVICE_FAMILY = "1,2";
			};
			name = Release;
		};
		294CC9182D3DC4BD0030B17A /* Debug */ = {
			isa = XCBuildConfiguration;
			buildSettings = {
				BUNDLE_LOADER = "$(TEST_HOST)";
				CODE_SIGN_STYLE = Automatic;
				CURRENT_PROJECT_VERSION = 1;
				GENERATE_INFOPLIST_FILE = YES;
				IPHONEOS_DEPLOYMENT_TARGET = 18.2;
				MARKETING_VERSION = 1.0;
				PRODUCT_BUNDLE_IDENTIFIER = j1188.RuletaTests;
				PRODUCT_NAME = "$(TARGET_NAME)";
				SWIFT_EMIT_LOC_STRINGS = NO;
				SWIFT_VERSION = 5.0;
				TARGETED_DEVICE_FAMILY = "1,2";
				TEST_HOST = "$(BUILT_PRODUCTS_DIR)/Ruleta.app/$(BUNDLE_EXECUTABLE_FOLDER_PATH)/Ruleta";
			};
			name = Debug;
		};
		294CC9192D3DC4BD0030B17A /* Release */ = {
			isa = XCBuildConfiguration;
			buildSettings = {
				BUNDLE_LOADER = "$(TEST_HOST)";
				CODE_SIGN_STYLE = Automatic;
				CURRENT_PROJECT_VERSION = 1;
				GENERATE_INFOPLIST_FILE = YES;
				IPHONEOS_DEPLOYMENT_TARGET = 18.2;
				MARKETING_VERSION = 1.0;
				PRODUCT_BUNDLE_IDENTIFIER = j1188.RuletaTests;
				PRODUCT_NAME = "$(TARGET_NAME)";
				SWIFT_EMIT_LOC_STRINGS = NO;
				SWIFT_VERSION = 5.0;
				TARGETED_DEVICE_FAMILY = "1,2";
				TEST_HOST = "$(BUILT_PRODUCTS_DIR)/Ruleta.app/$(BUNDLE_EXECUTABLE_FOLDER_PATH)/Ruleta";
			};
			name = Release;
		};
		294CC91B2D3DC4BD0030B17A /* Debug */ = {
			isa = XCBuildConfiguration;
			buildSettings = {
				CODE_SIGN_STYLE = Automatic;
				CURRENT_PROJECT_VERSION = 1;
				GENERATE_INFOPLIST_FILE = YES;
				MARKETING_VERSION = 1.0;
				PRODUCT_BUNDLE_IDENTIFIER = j1188.RuletaUITests;
				PRODUCT_NAME = "$(TARGET_NAME)";
				SWIFT_EMIT_LOC_STRINGS = NO;
				SWIFT_VERSION = 5.0;
				TARGETED_DEVICE_FAMILY = "1,2";
				TEST_TARGET_NAME = Ruleta;
			};
			name = Debug;
		};
		294CC91C2D3DC4BD0030B17A /* Release */ = {
			isa = XCBuildConfiguration;
			buildSettings = {
				CODE_SIGN_STYLE = Automatic;
				CURRENT_PROJECT_VERSION = 1;
				GENERATE_INFOPLIST_FILE = YES;
				MARKETING_VERSION = 1.0;
				PRODUCT_BUNDLE_IDENTIFIER = j1188.RuletaUITests;
				PRODUCT_NAME = "$(TARGET_NAME)";
				SWIFT_EMIT_LOC_STRINGS = NO;
				SWIFT_VERSION = 5.0;
				TARGETED_DEVICE_FAMILY = "1,2";
				TEST_TARGET_NAME = Ruleta;
			};
			name = Release;
		};
/* End XCBuildConfiguration section */

/* Begin XCConfigurationList section */
		294CC8EB2D3DC4BA0030B17A /* Build configuration list for PBXProject "Ruleta" */ = {
			isa = XCConfigurationList;
			buildConfigurations = (
				294CC9122D3DC4BD0030B17A /* Debug */,
				294CC9132D3DC4BD0030B17A /* Release */,
			);
			defaultConfigurationIsVisible = 0;
			defaultConfigurationName = Release;
		};
		294CC9142D3DC4BD0030B17A /* Build configuration list for PBXNativeTarget "Ruleta" */ = {
			isa = XCConfigurationList;
			buildConfigurations = (
				294CC9152D3DC4BD0030B17A /* Debug */,
				294CC9162D3DC4BD0030B17A /* Release */,
			);
			defaultConfigurationIsVisible = 0;
			defaultConfigurationName = Release;
		};
		294CC9172D3DC4BD0030B17A /* Build configuration list for PBXNativeTarget "RuletaTests" */ = {
			isa = XCConfigurationList;
			buildConfigurations = (
				294CC9182D3DC4BD0030B17A /* Debug */,
				294CC9192D3DC4BD0030B17A /* Release */,
			);
			defaultConfigurationIsVisible = 0;
			defaultConfigurationName = Release;
		};
		294CC91A2D3DC4BD0030B17A /* Build configuration list for PBXNativeTarget "RuletaUITests" */ = {
			isa = XCConfigurationList;
			buildConfigurations = (
				294CC91B2D3DC4BD0030B17A /* Debug */,
				294CC91C2D3DC4BD0030B17A /* Release */,
			);
			defaultConfigurationIsVisible = 0;
			defaultConfigurationName = Release;
		};
/* End XCConfigurationList section */
	};
	rootObject = 294CC8E82D3DC4BA0030B17A /* Project object */;
}
